
Microsoft Visual Studio Solution File, Format Version 12.00
# Visual Studio Version 17
VisualStudioVersion = 17.1.32228.430
MinimumVisualStudioVersion = 10.0.40219.1
Project("{2150E333-8FDC-42A3-9474-1A3956D46DE8}") = "Services", "Services", "{68714F6B-FF12-40CB-9E47-5249C67A4E27}"
EndProject
Project("{2150E333-8FDC-42A3-9474-1A3956D46DE8}") = "Catalog", "Catalog", "{7D5A2096-1679-46B2-BE21-4E842E9898B6}"
EndProject
Project("{9A19103F-16F7-4668-BE54-9A1E7A4F7556}") = "Catalog.API", "Services\Catalog\Catalog.API\Catalog.API.csproj", "{3AFB2988-5CBC-44EA-9823-681C8BA6EB11}"
EndProject
Project("{E53339B2-1760-4266-BCC7-CA923CBCF16C}") = "docker-compose", "docker-compose.dcproj", "{5D467749-D587-4FE4-93A0-5C12F9F0F242}"
EndProject
Project("{2150E333-8FDC-42A3-9474-1A3956D46DE8}") = "Basket", "Basket", "{520B21F7-C599-49B4-A4C0-40681DD55F58}"
EndProject
Project("{9A19103F-16F7-4668-BE54-9A1E7A4F7556}") = "Basket.API", "Services\Basket\Basket.API\Basket.API.csproj", "{7931592E-3D5D-4B92-A6EA-843FF040CACA}"
EndProject
Project("{2150E333-8FDC-42A3-9474-1A3956D46DE8}") = "Discount", "Discount", "{BC8A08ED-E75D-4BAE-87DA-D42E372F4630}"
EndProject
Project("{9A19103F-16F7-4668-BE54-9A1E7A4F7556}") = "Discount.API", "Services\Discount\Discount.API\Discount.API.csproj", "{7C45F11C-EE85-4C28-B87B-28B7331FA339}"
EndProject
Project("{9A19103F-16F7-4668-BE54-9A1E7A4F7556}") = "Discount.Grpc", "Services\Discount\Discount.Grpc\Discount.Grpc.csproj", "{E634FFA7-0A26-42F6-925D-B5561DD549C1}"
EndProject
Project("{2150E333-8FDC-42A3-9474-1A3956D46DE8}") = "Ordering", "Ordering", "{541B86D3-19FA-49A2-8ACE-9ECC8C513C24}"
EndProject
Project("{FAE04EC0-301F-11D3-BF4B-00C04F79EFBC}") = "Ordering.API", "Services\Ordering\Ordering.API\Ordering.API.csproj", "{71238E2F-18DD-443F-8D41-39BEF973FAB0}"
EndProject
Project("{FAE04EC0-301F-11D3-BF4B-00C04F79EFBC}") = "Ordering.Application", "Services\Ordering\Ordering.Application\Ordering.Application.csproj", "{3BFD1672-A37C-4138-BA61-AEC498F7705D}"
EndProject
Project("{FAE04EC0-301F-11D3-BF4B-00C04F79EFBC}") = "Ordering.Domain", "Services\Ordering\Ordering.Domain\Ordering.Domain.csproj", "{E48ADB91-35E8-42D6-822C-E67FC7C05272}"
EndProject
Project("{FAE04EC0-301F-11D3-BF4B-00C04F79EFBC}") = "Ordering.Infrastracture", "Services\Ordering\Ordering.Infrastracture\Ordering.Infrastracture.csproj", "{D5919B62-4CA9-461C-BDF8-8E84AD8A3797}"
EndProject
Global
	GlobalSection(SolutionConfigurationPlatforms) = preSolution
		Debug|Any CPU = Debug|Any CPU
		Release|Any CPU = Release|Any CPU
	EndGlobalSection
	GlobalSection(ProjectConfigurationPlatforms) = postSolution
		{3AFB2988-5CBC-44EA-9823-681C8BA6EB11}.Debug|Any CPU.ActiveCfg = Debug|Any CPU
		{3AFB2988-5CBC-44EA-9823-681C8BA6EB11}.Debug|Any CPU.Build.0 = Debug|Any CPU
		{3AFB2988-5CBC-44EA-9823-681C8BA6EB11}.Release|Any CPU.ActiveCfg = Release|Any CPU
		{3AFB2988-5CBC-44EA-9823-681C8BA6EB11}.Release|Any CPU.Build.0 = Release|Any CPU
		{5D467749-D587-4FE4-93A0-5C12F9F0F242}.Debug|Any CPU.ActiveCfg = Debug|Any CPU
		{5D467749-D587-4FE4-93A0-5C12F9F0F242}.Debug|Any CPU.Build.0 = Debug|Any CPU
		{5D467749-D587-4FE4-93A0-5C12F9F0F242}.Release|Any CPU.ActiveCfg = Release|Any CPU
		{5D467749-D587-4FE4-93A0-5C12F9F0F242}.Release|Any CPU.Build.0 = Release|Any CPU
		{7931592E-3D5D-4B92-A6EA-843FF040CACA}.Debug|Any CPU.ActiveCfg = Debug|Any CPU
		{7931592E-3D5D-4B92-A6EA-843FF040CACA}.Debug|Any CPU.Build.0 = Debug|Any CPU
		{7931592E-3D5D-4B92-A6EA-843FF040CACA}.Release|Any CPU.ActiveCfg = Release|Any CPU
		{7931592E-3D5D-4B92-A6EA-843FF040CACA}.Release|Any CPU.Build.0 = Release|Any CPU
		{7C45F11C-EE85-4C28-B87B-28B7331FA339}.Debug|Any CPU.ActiveCfg = Debug|Any CPU
		{7C45F11C-EE85-4C28-B87B-28B7331FA339}.Debug|Any CPU.Build.0 = Debug|Any CPU
		{7C45F11C-EE85-4C28-B87B-28B7331FA339}.Release|Any CPU.ActiveCfg = Release|Any CPU
		{7C45F11C-EE85-4C28-B87B-28B7331FA339}.Release|Any CPU.Build.0 = Release|Any CPU
		{E634FFA7-0A26-42F6-925D-B5561DD549C1}.Debug|Any CPU.ActiveCfg = Debug|Any CPU
		{E634FFA7-0A26-42F6-925D-B5561DD549C1}.Debug|Any CPU.Build.0 = Debug|Any CPU
		{E634FFA7-0A26-42F6-925D-B5561DD549C1}.Release|Any CPU.ActiveCfg = Release|Any CPU
		{E634FFA7-0A26-42F6-925D-B5561DD549C1}.Release|Any CPU.Build.0 = Release|Any CPU
		{71238E2F-18DD-443F-8D41-39BEF973FAB0}.Debug|Any CPU.ActiveCfg = Debug|Any CPU
		{71238E2F-18DD-443F-8D41-39BEF973FAB0}.Debug|Any CPU.Build.0 = Debug|Any CPU
		{71238E2F-18DD-443F-8D41-39BEF973FAB0}.Release|Any CPU.ActiveCfg = Release|Any CPU
		{71238E2F-18DD-443F-8D41-39BEF973FAB0}.Release|Any CPU.Build.0 = Release|Any CPU
		{3BFD1672-A37C-4138-BA61-AEC498F7705D}.Debug|Any CPU.ActiveCfg = Debug|Any CPU
		{3BFD1672-A37C-4138-BA61-AEC498F7705D}.Debug|Any CPU.Build.0 = Debug|Any CPU
		{3BFD1672-A37C-4138-BA61-AEC498F7705D}.Release|Any CPU.ActiveCfg = Release|Any CPU
		{3BFD1672-A37C-4138-BA61-AEC498F7705D}.Release|Any CPU.Build.0 = Release|Any CPU
		{E48ADB91-35E8-42D6-822C-E67FC7C05272}.Debug|Any CPU.ActiveCfg = Debug|Any CPU
		{E48ADB91-35E8-42D6-822C-E67FC7C05272}.Debug|Any CPU.Build.0 = Debug|Any CPU
		{E48ADB91-35E8-42D6-822C-E67FC7C05272}.Release|Any CPU.ActiveCfg = Release|Any CPU
		{E48ADB91-35E8-42D6-822C-E67FC7C05272}.Release|Any CPU.Build.0 = Release|Any CPU
		{D5919B62-4CA9-461C-BDF8-8E84AD8A3797}.Debug|Any CPU.ActiveCfg = Debug|Any CPU
		{D5919B62-4CA9-461C-BDF8-8E84AD8A3797}.Debug|Any CPU.Build.0 = Debug|Any CPU
		{D5919B62-4CA9-461C-BDF8-8E84AD8A3797}.Release|Any CPU.ActiveCfg = Release|Any CPU
		{D5919B62-4CA9-461C-BDF8-8E84AD8A3797}.Release|Any CPU.Build.0 = Release|Any CPU
	EndGlobalSection
	GlobalSection(SolutionProperties) = preSolution
		HideSolutionNode = FALSE
	EndGlobalSection
	GlobalSection(NestedProjects) = preSolution
		{7D5A2096-1679-46B2-BE21-4E842E9898B6} = {68714F6B-FF12-40CB-9E47-5249C67A4E27}
		{3AFB2988-5CBC-44EA-9823-681C8BA6EB11} = {7D5A2096-1679-46B2-BE21-4E842E9898B6}
		{520B21F7-C599-49B4-A4C0-40681DD55F58} = {68714F6B-FF12-40CB-9E47-5249C67A4E27}
		{7931592E-3D5D-4B92-A6EA-843FF040CACA} = {520B21F7-C599-49B4-A4C0-40681DD55F58}
		{BC8A08ED-E75D-4BAE-87DA-D42E372F4630} = {68714F6B-FF12-40CB-9E47-5249C67A4E27}
		{7C45F11C-EE85-4C28-B87B-28B7331FA339} = {BC8A08ED-E75D-4BAE-87DA-D42E372F4630}
		{E634FFA7-0A26-42F6-925D-B5561DD549C1} = {BC8A08ED-E75D-4BAE-87DA-D42E372F4630}
		{541B86D3-19FA-49A2-8ACE-9ECC8C513C24} = {68714F6B-FF12-40CB-9E47-5249C67A4E27}
		{71238E2F-18DD-443F-8D41-39BEF973FAB0} = {541B86D3-19FA-49A2-8ACE-9ECC8C513C24}
		{3BFD1672-A37C-4138-BA61-AEC498F7705D} = {541B86D3-19FA-49A2-8ACE-9ECC8C513C24}
		{E48ADB91-35E8-42D6-822C-E67FC7C05272} = {541B86D3-19FA-49A2-8ACE-9ECC8C513C24}
		{D5919B62-4CA9-461C-BDF8-8E84AD8A3797} = {541B86D3-19FA-49A2-8ACE-9ECC8C513C24}
	EndGlobalSection
	GlobalSection(ExtensibilityGlobals) = postSolution
		SolutionGuid = {82736F49-84CB-4411-88B6-83EB1B38C3CC}
	EndGlobalSection
EndGlobal
